{
  "originHash" : "669e39cee4b9a959079c644a4b709931519220e990aef01ed70964c38e5631c3",
  "pins" : [
    {
      "identity" : "adaptysdk-ios",
      "kind" : "remoteSourceControl",
      "location" : "https://github.com/adaptyteam/AdaptySDK-iOS.git",
      "state" : {
        "revision" : "5d67c18595cc84c0b45ebb918176efaa495d8693",
        "version" : "4.0.0-beta.1"
      }
    }
  ],
  "version" : 3
}
